<?xml version="1.0" encoding="utf-8"?>
<Project ToolsVersion="4.0" xmlns="http://schemas.microsoft.com/developer/msbuild/2003">
  <ItemGroup>
    <Filter Include="Source Files">
      <UniqueIdentifier>{4FC737F1-C7A5-4376-A066-2A32D752A2FF}</UniqueIdentifier>
      <Extensions>cpp;c;cc;cxx;c++;cppm;ixx;def;odl;idl;hpj;bat;asm;asmx</Extensions>
    </Filter>
    <Filter Include="Header Files">
      <UniqueIdentifier>{93995380-89BD-4b04-88EB-625FBE52EBFB}</UniqueIdentifier>
      <Extensions>h;hh;hpp;hxx;h++;hm;inl;inc;ipp;xsd</Extensions>
    </Filter>
    <Filter Include="Resource Files">
      <UniqueIdentifier>{67DA6AB6-F800-4c08-8B7A-83BB121AAD01}</UniqueIdentifier>
      <Extensions>rc;ico;cur;bmp;dlg;rc2;rct;bin;rgs;gif;jpg;jpeg;jpe;resx;tiff;tif;png;wav;mfcribbon-ms</Extensions>
    </Filter>
    <Filter Include="Editor">
      <UniqueIdentifier>{2761c830-5cc2-4241-bc12-6f9a1608962a}</UniqueIdentifier>
    </Filter>
    <Filter Include="Frontend">
      <UniqueIdentifier>{1eeae2f2-6f93-4889-8823-3c55cb704f2a}</UniqueIdentifier>
    </Filter>
    <Filter Include="Frontend\Controls">
      <UniqueIdentifier>{92225009-23c1-4145-ae67-f6e929dea23b}</UniqueIdentifier>
    </Filter>
    <Filter Include="Frontend\Windows">
      <UniqueIdentifier>{12c332c6-88e7-445c-b298-cb18c13c61fb}</UniqueIdentifier>
    </Filter>
    <Filter Include="Editor\Shaders">
      <UniqueIdentifier>{274939c7-df1d-475e-bdf3-5cd7257123f3}</UniqueIdentifier>
    </Filter>
  </ItemGroup>
  <ItemGroup>
    <ClCompile Include="Main.cpp">
      <Filter>Source Files</Filter>
    </ClCompile>
    <ClCompile Include="Editor\RenderWindow.cpp">
      <Filter>Editor</Filter>
    </ClCompile>
    <ClCompile Include="Editor\SkinmeshPreviewer.cpp">
      <Filter>Editor</Filter>
    </ClCompile>
    <ClCompile Include="Frontend\Controls\AssetControl.cpp">
      <Filter>Frontend\Controls</Filter>
    </ClCompile>
    <ClCompile Include="Frontend\Controls\ColorBox.cpp">
      <Filter>Frontend\Controls</Filter>
    </ClCompile>
    <ClCompile Include="Frontend\Controls\Dialog.cpp">
      <Filter>Frontend\Controls</Filter>
    </ClCompile>
    <ClCompile Include="Frontend\Controls\IControl.cpp">
      <Filter>Frontend\Controls</Filter>
    </ClCompile>
    <ClCompile Include="Frontend\Controls\ModelControl.cpp">
      <Filter>Frontend\Controls</Filter>
    </ClCompile>
    <ClCompile Include="Frontend\Controls\TextureControl.cpp">
      <Filter>Frontend\Controls</Filter>
    </ClCompile>
    <ClCompile Include="Frontend\Controls\NumericTextbox.cpp">
      <Filter>Frontend\Controls</Filter>
    </ClCompile>
    <ClCompile Include="Frontend\AssetRenderer.cpp">
      <Filter>Frontend</Filter>
    </ClCompile>
    <ClCompile Include="Frontend\AssetListRenderer.cpp">
      <Filter>Frontend</Filter>
    </ClCompile>
    <ClCompile Include="Frontend\HelperFunctions.cpp">
      <Filter>Frontend</Filter>
    </ClCompile>
    <ClCompile Include="Frontend\GDIFuncs.cpp">
      <Filter>Frontend</Filter>
    </ClCompile>
    <ClCompile Include="Frontend\Windows\EditObjectDialog.cpp">
      <Filter>Frontend\Windows</Filter>
    </ClCompile>
    <ClCompile Include="Frontend\Windows\AssetManagerDialog.cpp">
      <Filter>Frontend\Windows</Filter>
    </ClCompile>
    <ClCompile Include="Frontend\Windows\AddObjectDialog.cpp">
      <Filter>Frontend\Windows</Filter>
    </ClCompile>
    <ClCompile Include="Frontend\Windows\EditorWindow.cpp">
      <Filter>Frontend\Windows</Filter>
    </ClCompile>
    <ClCompile Include="Editor\Shaders\PickingShader.cpp">
      <Filter>Source Files</Filter>
    </ClCompile>
  </ItemGroup>
  <ItemGroup>
    <ClInclude Include="resource.h">
      <Filter>Header Files</Filter>
    </ClInclude>
    <ClInclude Include="Editor/SkinmeshPreviewer.hpp">
      <Filter>Editor</Filter>
    </ClInclude>
    <ClInclude Include="Editor/RenderWindow.hpp">
      <Filter>Editor</Filter>
    </ClInclude>
    <ClInclude Include="Frontend\Controls\TextureControl.hpp">
      <Filter>Frontend\Controls</Filter>
    </ClInclude>
    <ClInclude Include="Frontend\Controls\NumericTextbox.hpp">
      <Filter>Frontend\Controls</Filter>
    </ClInclude>
    <ClInclude Include="Frontend\Controls\ModelControl.hpp">
      <Filter>Frontend\Controls</Filter>
    </ClInclude>
    <ClInclude Include="Frontend\Controls\IControl.hpp">
      <Filter>Frontend\Controls</Filter>
    </ClInclude>
    <ClInclude Include="Frontend\Controls\ColorBox.hpp">
      <Filter>Frontend\Controls</Filter>
    </ClInclude>
    <ClInclude Include="Frontend\Controls\Dialog.hpp">
      <Filter>Frontend\Controls</Filter>
    </ClInclude>
    <ClInclude Include="Frontend\Controls\AssetControl.hpp">
      <Filter>Frontend\Controls</Filter>
    </ClInclude>
    <ClInclude Include="Frontend\Windows\AddObjectDialog.hpp">
      <Filter>Frontend\Windows</Filter>
    </ClInclude>
    <ClInclude Include="Frontend\Windows\AssetManagerDialog.hpp">
      <Filter>Frontend\Windows</Filter>
    </ClInclude>
    <ClInclude Include="Frontend\Windows\EditObjectDialog.hpp">
      <Filter>Frontend\Windows</Filter>
    </ClInclude>
    <ClInclude Include="Frontend\Windows\EditorWindow.hpp">
      <Filter>Frontend\Windows</Filter>
    </ClInclude>
    <ClInclude Include="Frontend\AssetListRenderer.hpp">
      <Filter>Frontend</Filter>
    </ClInclude>
    <ClInclude Include="Frontend\AssetRenderer.hpp">
      <Filter>Frontend</Filter>
    </ClInclude>
    <ClInclude Include="Frontend\GDIFuncs.hpp">
      <Filter>Frontend</Filter>
    </ClInclude>
    <ClInclude Include="Frontend\HelperFunctions.hpp">
      <Filter>Frontend</Filter>
    </ClInclude>
    <ClInclude Include="Editor\Shaders\PickingShader.hpp">
      <Filter>Header Files</Filter>
    </ClInclude>
  </ItemGroup>
  <ItemGroup>
    <ResourceCompile Include="3DRadSpace_Editor_WindowsDX11.rc">
      <Filter>Resource Files</Filter>
    </ResourceCompile>
  </ItemGroup>
  <ItemGroup>
    <Image Include="Icons\compile_icon.ico">
      <Filter>Resource Files</Filter>
    </Image>
    <Image Include="Icons\Debug-Button.ico">
      <Filter>Resource Files</Filter>
    </Image>
    <Image Include="Icons\Icon.ico">
      <Filter>Resource Files</Filter>
    </Image>
    <Image Include="Icons\newicon.ico">
      <Filter>Resource Files</Filter>
    </Image>
    <Image Include="Icons\openicon.ico">
      <Filter>Resource Files</Filter>
    </Image>
    <Image Include="Icons\saveicon.ico">
      <Filter>Resource Files</Filter>
    </Image>
    <Image Include="Icons\switch2d_icon.ico">
      <Filter>Resource Files</Filter>
    </Image>
    <Image Include="Icons\VisualStudio.ico">
      <Filter>Resource Files</Filter>
    </Image>
    <Image Include="Icons\save_as.ico">
      <Filter>Resource Files</Filter>
    </Image>
    <Image Include="Images\OBJ_Camera.png">
      <Filter>Resource Files</Filter>
    </Image>
    <Image Include="Images\OBJ_Counter.png">
      <Filter>Resource Files</Filter>
    </Image>
    <Image Include="Images\OBJ_Empty.png">
      <Filter>Resource Files</Filter>
    </Image>
    <Image Include="Images\OBJ_EOK.png">
      <Filter>Resource Files</Filter>
    </Image>
    <Image Include="Images\OBJ_EOL.png">
      <Filter>Resource Files</Filter>
    </Image>
    <Image Include="Images\OBJ_ExitFade.png">
      <Filter>Resource Files</Filter>
    </Image>
    <Image Include="Images\OBJ_Fog.png">
      <Filter>Resource Files</Filter>
    </Image>
    <Image Include="Images\OBJ_Force.png">
      <Filter>Resource Files</Filter>
    </Image>
    <Image Include="Images\OBJ_FPVCamera.png">
      <Filter>Resource Files</Filter>
    </Image>
    <Image Include="Images\OBJ_GameSettings.png">
      <Filter>Resource Files</Filter>
    </Image>
    <Image Include="Images\OBJ_GForce.png">
      <Filter>Resource Files</Filter>
    </Image>
    <Image Include="Images\OBJ_Group.png">
      <Filter>Resource Files</Filter>
    </Image>
    <Image Include="Images\OBJ_NetworkChat.png">
      <Filter>Resource Files</Filter>
    </Image>
    <Image Include="Images\OBJ_Rigidbody.png">
      <Filter>Resource Files</Filter>
    </Image>
    <Image Include="Images\OBJ_Script.png">
      <Filter>Resource Files</Filter>
    </Image>
    <Image Include="Images\OBJ_Skinmesh.png">
      <Filter>Resource Files</Filter>
    </Image>
    <Image Include="Images\OBJ_SkyBox.png">
      <Filter>Resource Files</Filter>
    </Image>
    <Image Include="Images\OBJ_SkyColor.png">
      <Filter>Resource Files</Filter>
    </Image>
    <Image Include="Images\OBJ_Sound.png">
      <Filter>Resource Files</Filter>
    </Image>
    <Image Include="Images\OBJ_SoundSource.png">
      <Filter>Resource Files</Filter>
    </Image>
    <Image Include="Images\OBJ_SourceCode.png">
      <Filter>Resource Files</Filter>
    </Image>
    <Image Include="Images\OBJ_Sprite.png">
      <Filter>Resource Files</Filter>
    </Image>
    <Image Include="Images\OBJ_TextPrint.png">
      <Filter>Resource Files</Filter>
    </Image>
    <Image Include="Images\OBJ_Timer.png">
      <Filter>Resource Files</Filter>
    </Image>
  </ItemGroup>
  <ItemGroup>
    <None Include="packages.config" />
    <None Include="cpp.hint" />
  </ItemGroup>
</Project>