
Microsoft Visual Studio Solution File, Format Version 12.00
# Visual Studio Version 16
VisualStudioVersion = 16.0.30413.136
MinimumVisualStudioVersion = 10.0.40219.1
Project("{FAE04EC0-301F-11D3-BF4B-00C04F79EFBC}") = "3DRadSpace_Engine", "3DRadSpace_Engine\3DRadSpace_Engine.csproj", "{AD734137-C019-4B20-B3A6-73880EC87983}"
EndProject
Project("{FAE04EC0-301F-11D3-BF4B-00C04F79EFBC}") = "3DRadSpaceDll_DX11", "3DRadSpaceDll\3DRadSpaceDll_DX11.csproj", "{23FC902A-1223-4B32-A87E-47F8693A9181}"
EndProject
Global
	GlobalSection(SolutionConfigurationPlatforms) = preSolution
		Debug|Any CPU = Debug|Any CPU
		Release|Any CPU = Release|Any CPU
	EndGlobalSection
	GlobalSection(ProjectConfigurationPlatforms) = postSolution
		{AD734137-C019-4B20-B3A6-73880EC87983}.Debug|Any CPU.ActiveCfg = Debug|Any CPU
		{AD734137-C019-4B20-B3A6-73880EC87983}.Debug|Any CPU.Build.0 = Debug|Any CPU
		{AD734137-C019-4B20-B3A6-73880EC87983}.Release|Any CPU.ActiveCfg = Release|Any CPU
		{AD734137-C019-4B20-B3A6-73880EC87983}.Release|Any CPU.Build.0 = Release|Any CPU
		{23FC902A-1223-4B32-A87E-47F8693A9181}.Debug|Any CPU.ActiveCfg = Debug|Any CPU
		{23FC902A-1223-4B32-A87E-47F8693A9181}.Debug|Any CPU.Build.0 = Debug|Any CPU
		{23FC902A-1223-4B32-A87E-47F8693A9181}.Release|Any CPU.ActiveCfg = Release|Any CPU
		{23FC902A-1223-4B32-A87E-47F8693A9181}.Release|Any CPU.Build.0 = Release|Any CPU
	EndGlobalSection
	GlobalSection(SolutionProperties) = preSolution
		HideSolutionNode = FALSE
	EndGlobalSection
	GlobalSection(ExtensibilityGlobals) = postSolution
		SolutionGuid = {728A09B3-4D44-4152-AD6E-B6E062D0A768}
	EndGlobalSection
EndGlobal
