
Microsoft Visual Studio Solution File, Format Version 12.00
# Visual Studio Version 17
VisualStudioVersion = 17.2.32602.215
MinimumVisualStudioVersion = 10.0.40219.1
Project("{8BC9CEB8-8B4A-11D0-8D11-00A0C91BC942}") = "Engine3DRadSpace", "Engine3DRadSpace\Engine3DRadSpace.vcxproj", "{7680ABED-D1F3-4C20-A24F-009D64F0A7BB}"
EndProject
Project("{8BC9CEB8-8B4A-11D0-8D11-00A0C91BC942}") = "3DRadSpace_Editor_WindowsDX11", "3DRadSpace_Editor_WindowsDX11\3DRadSpace_Editor_WindowsDX11.vcxproj", "{495C9BBF-3251-4713-991C-43BED89A4BDE}"
EndProject
Project("{8BC9CEB8-8B4A-11D0-8D11-00A0C91BC942}") = "Engine3DRadSpace_Tests", "Engine3DRadSpace_Tests\Engine3DRadSpace_Tests.vcxproj", "{E07402B2-DCF9-4278-88AB-A788F9E73A2E}"
EndProject
Global
	GlobalSection(SolutionConfigurationPlatforms) = preSolution
		Debug|x64 = Debug|x64
		Debug|x86 = Debug|x86
		Release|x64 = Release|x64
		Release|x86 = Release|x86
	EndGlobalSection
	GlobalSection(ProjectConfigurationPlatforms) = postSolution
		{7680ABED-D1F3-4C20-A24F-009D64F0A7BB}.Debug|x64.ActiveCfg = Debug|x64
		{7680ABED-D1F3-4C20-A24F-009D64F0A7BB}.Debug|x64.Build.0 = Debug|x64
		{7680ABED-D1F3-4C20-A24F-009D64F0A7BB}.Debug|x86.ActiveCfg = Debug|Win32
		{7680ABED-D1F3-4C20-A24F-009D64F0A7BB}.Debug|x86.Build.0 = Debug|Win32
		{7680ABED-D1F3-4C20-A24F-009D64F0A7BB}.Release|x64.ActiveCfg = Release|x64
		{7680ABED-D1F3-4C20-A24F-009D64F0A7BB}.Release|x64.Build.0 = Release|x64
		{7680ABED-D1F3-4C20-A24F-009D64F0A7BB}.Release|x86.ActiveCfg = Release|Win32
		{7680ABED-D1F3-4C20-A24F-009D64F0A7BB}.Release|x86.Build.0 = Release|Win32
		{495C9BBF-3251-4713-991C-43BED89A4BDE}.Debug|x64.ActiveCfg = Debug|x64
		{495C9BBF-3251-4713-991C-43BED89A4BDE}.Debug|x64.Build.0 = Debug|x64
		{495C9BBF-3251-4713-991C-43BED89A4BDE}.Debug|x86.ActiveCfg = Debug|Win32
		{495C9BBF-3251-4713-991C-43BED89A4BDE}.Debug|x86.Build.0 = Debug|Win32
		{495C9BBF-3251-4713-991C-43BED89A4BDE}.Release|x64.ActiveCfg = Release|x64
		{495C9BBF-3251-4713-991C-43BED89A4BDE}.Release|x64.Build.0 = Release|x64
		{495C9BBF-3251-4713-991C-43BED89A4BDE}.Release|x86.ActiveCfg = Release|Win32
		{495C9BBF-3251-4713-991C-43BED89A4BDE}.Release|x86.Build.0 = Release|Win32
		{E07402B2-DCF9-4278-88AB-A788F9E73A2E}.Debug|x64.ActiveCfg = Debug|x64
		{E07402B2-DCF9-4278-88AB-A788F9E73A2E}.Debug|x64.Build.0 = Debug|x64
		{E07402B2-DCF9-4278-88AB-A788F9E73A2E}.Debug|x86.ActiveCfg = Debug|Win32
		{E07402B2-DCF9-4278-88AB-A788F9E73A2E}.Debug|x86.Build.0 = Debug|Win32
		{E07402B2-DCF9-4278-88AB-A788F9E73A2E}.Release|x64.ActiveCfg = Release|x64
		{E07402B2-DCF9-4278-88AB-A788F9E73A2E}.Release|x64.Build.0 = Release|x64
		{E07402B2-DCF9-4278-88AB-A788F9E73A2E}.Release|x86.ActiveCfg = Release|Win32
		{E07402B2-DCF9-4278-88AB-A788F9E73A2E}.Release|x86.Build.0 = Release|Win32
	EndGlobalSection
	GlobalSection(SolutionProperties) = preSolution
		HideSolutionNode = FALSE
	EndGlobalSection
	GlobalSection(ExtensibilityGlobals) = postSolution
		SolutionGuid = {04C15B97-613F-4CE6-B9A2-19A2D0334553}
	EndGlobalSection
EndGlobal
