<?xml version="1.0" encoding="utf-8"?>
<Project ToolsVersion="4.0" xmlns="http://schemas.microsoft.com/developer/msbuild/2003">
  <ItemGroup>
    <Filter Include="Resource Files">
      <UniqueIdentifier>{67DA6AB6-F800-4c08-8B7A-83BB121AAD01}</UniqueIdentifier>
      <Extensions>rc;ico;cur;bmp;dlg;rc2;rct;bin;rgs;gif;jpg;jpeg;jpe;resx;tiff;tif;png;wav;mfcribbon-ms</Extensions>
    </Filter>
    <Filter Include="Graphics">
      <UniqueIdentifier>{4fcb0b5b-3d67-467b-9516-eaa64449f822}</UniqueIdentifier>
    </Filter>
    <Filter Include="Algorithms">
      <UniqueIdentifier>{a1e4e2ca-c3fd-4021-8b79-0196a753886c}</UniqueIdentifier>
    </Filter>
    <Filter Include="Math">
      <UniqueIdentifier>{ad7a068e-cf11-453d-b8c9-49084e506fbc}</UniqueIdentifier>
    </Filter>
    <Filter Include="Reflection">
      <UniqueIdentifier>{bbec4381-8e20-4079-9181-e161039a4be6}</UniqueIdentifier>
    </Filter>
    <Filter Include="Graphics\Shaders">
      <UniqueIdentifier>{4eba2743-fca9-4ee9-8f8b-ed28e6fa623b}</UniqueIdentifier>
    </Filter>
    <Filter Include="Input">
      <UniqueIdentifier>{98ba1bb6-574d-4ca8-9ea0-0bb9df2312cd}</UniqueIdentifier>
    </Filter>
    <Filter Include="Objects">
      <UniqueIdentifier>{d2c448bb-bd16-43f9-a299-5fe1925836bb}</UniqueIdentifier>
    </Filter>
    <Filter Include="Logging">
      <UniqueIdentifier>{aa268d4d-1dc2-470d-8320-74d7083524ae}</UniqueIdentifier>
    </Filter>
  </ItemGroup>
  <ItemGroup>
    <None Include="packages.config" />
  </ItemGroup>
  <ItemGroup>
    <ClInclude Include="Window.hpp" />
    <ClInclude Include="Viewport.hpp" />
    <ClInclude Include="Libs.hpp" />
    <ClInclude Include="IUpdateable.hpp" />
    <ClInclude Include="IObject.hpp" />
    <ClInclude Include="IInitializable.hpp" />
    <ClInclude Include="GraphicsDevice.hpp" />
    <ClInclude Include="IDrawable.hpp" />
    <ClInclude Include="Game.hpp" />
    <ClInclude Include="Color.hpp" />
    <ClInclude Include="Reflection\UUID.hpp">
      <Filter>Reflection</Filter>
    </ClInclude>
    <ClInclude Include="Reflection\ReflectedObject.hpp">
      <Filter>Reflection</Filter>
    </ClInclude>
    <ClInclude Include="Reflection\ReflectedField.hpp">
      <Filter>Reflection</Filter>
    </ClInclude>
    <ClInclude Include="Math\Matrix.hpp">
      <Filter>Math</Filter>
    </ClInclude>
    <ClInclude Include="Math\Point.hpp">
      <Filter>Math</Filter>
    </ClInclude>
    <ClInclude Include="Math\Quaternion.hpp">
      <Filter>Math</Filter>
    </ClInclude>
    <ClInclude Include="Math\Rectangle.hpp">
      <Filter>Math</Filter>
    </ClInclude>
    <ClInclude Include="Math\Vector2.hpp">
      <Filter>Math</Filter>
    </ClInclude>
    <ClInclude Include="Math\Vector3.hpp">
      <Filter>Math</Filter>
    </ClInclude>
    <ClInclude Include="Math\Vector4.hpp">
      <Filter>Math</Filter>
    </ClInclude>
    <ClInclude Include="Logging\ResourceLoadingError.hpp">
      <Filter>Graphics</Filter>
    </ClInclude>
    <ClInclude Include="Logging\Warning.hpp">
      <Filter>Graphics</Filter>
    </ClInclude>
    <ClInclude Include="Graphics\VertexTopology.hpp">
      <Filter>Graphics</Filter>
    </ClInclude>
    <ClInclude Include="Graphics\VertexDeclarations.hpp">
      <Filter>Graphics</Filter>
    </ClInclude>
    <ClInclude Include="Graphics\VertexBuffer.hpp">
      <Filter>Graphics</Filter>
    </ClInclude>
    <ClInclude Include="Graphics\Texture2D.hpp">
      <Filter>Graphics</Filter>
    </ClInclude>
    <ClInclude Include="Graphics\SpriteBatch.hpp">
      <Filter>Graphics</Filter>
    </ClInclude>
    <ClInclude Include="Graphics\ShaderPipeline.hpp">
      <Filter>Graphics</Filter>
    </ClInclude>
    <ClInclude Include="Graphics\ShaderFeatureLevel.hpp">
      <Filter>Graphics</Filter>
    </ClInclude>
    <ClInclude Include="Graphics\SamplerState.hpp">
      <Filter>Graphics</Filter>
    </ClInclude>
    <ClInclude Include="Graphics\RasterizerState.hpp">
      <Filter>Graphics</Filter>
    </ClInclude>
    <ClInclude Include="Graphics\ModelMeshPart.hpp">
      <Filter>Graphics</Filter>
    </ClInclude>
    <ClInclude Include="Graphics\ModelMesh.hpp">
      <Filter>Graphics</Filter>
    </ClInclude>
    <ClInclude Include="Graphics\Model3D.hpp">
      <Filter>Graphics</Filter>
    </ClInclude>
    <ClInclude Include="Graphics\IVertexShader.hpp">
      <Filter>Graphics</Filter>
    </ClInclude>
    <ClInclude Include="Graphics\IShader.hpp">
      <Filter>Graphics</Filter>
    </ClInclude>
    <ClInclude Include="Graphics\IPixelShader.hpp">
      <Filter>Graphics</Filter>
    </ClInclude>
    <ClInclude Include="Graphics\ShaderCompilationError.hpp">
      <Filter>Graphics</Filter>
    </ClInclude>
    <ClInclude Include="Graphics\IHullShader.hpp">
      <Filter>Graphics</Filter>
    </ClInclude>
    <ClInclude Include="Graphics\IDomainShader.hpp">
      <Filter>Graphics</Filter>
    </ClInclude>
    <ClInclude Include="Graphics\IGeometryShader.hpp">
      <Filter>Graphics</Filter>
    </ClInclude>
    <ClInclude Include="Graphics\Shaders\SpriteShader.hpp">
      <Filter>Graphics\Shaders</Filter>
    </ClInclude>
    <ClInclude Include="Algorithms\LevenshteinDistance.hpp">
      <Filter>Algorithms</Filter>
    </ClInclude>
    <ClInclude Include="Math\Math.hpp">
      <Filter>Math</Filter>
    </ClInclude>
    <ClInclude Include="Graphics\Shaders\BasicTextured_NBT.hpp">
      <Filter>Graphics\Shaders</Filter>
    </ClInclude>
    <ClInclude Include="Graphics\Shaders\Blank_NoMatrix.hpp">
      <Filter>Graphics\Shaders</Filter>
    </ClInclude>
    <ClInclude Include="Graphics\Shaders\BlankShader.hpp">
      <Filter>Graphics\Shaders</Filter>
    </ClInclude>
    <ClInclude Include="Graphics\IndexBuffer.hpp">
      <Filter>Graphics</Filter>
    </ClInclude>
    <ClInclude Include="Reflection\Reflection.hpp">
      <Filter>Reflection</Filter>
    </ClInclude>
    <ClInclude Include="Input\Mouse.hpp">
      <Filter>Input</Filter>
    </ClInclude>
    <ClInclude Include="Input\Keyboard.hpp">
      <Filter>Input</Filter>
    </ClInclude>
    <ClInclude Include="Objects\Camera.hpp">
      <Filter>Objects</Filter>
    </ClInclude>
    <ClInclude Include="Graphics\DepthStencilState.hpp">
      <Filter>Graphics</Filter>
    </ClInclude>
    <ClInclude Include="Logging\Error.hpp">
      <Filter>Logging</Filter>
    </ClInclude>
    <ClInclude Include="Logging\Exception.hpp">
      <Filter>Logging</Filter>
    </ClInclude>
    <ClInclude Include="Reflection\FieldRepresentation.hpp">
      <Filter>Reflection</Filter>
    </ClInclude>
    <ClInclude Include="Graphics\RenderTarget.hpp">
      <Filter>Graphics</Filter>
    </ClInclude>
    <ClInclude Include="Graphics\BlendState.hpp">
      <Filter>Graphics</Filter>
    </ClInclude>
    <ClInclude Include="Graphics\DepthStencilBuffer.hpp">
      <Filter>Graphics</Filter>
    </ClInclude>
    <ClInclude Include="Reflection\ReflectedFunction.hpp">
      <Filter>Reflection</Filter>
    </ClInclude>
  </ItemGroup>
  <ItemGroup>
    <ClCompile Include="Window.cpp" />
    <ClCompile Include="IObject.cpp" />
    <ClCompile Include="GraphicsDevice.cpp" />
    <ClCompile Include="Game.cpp" />
    <ClCompile Include="Color.cpp" />
    <ClCompile Include="Reflection\ReflectedObject.cpp">
      <Filter>Reflection</Filter>
    </ClCompile>
    <ClCompile Include="Math\Matrix.cpp">
      <Filter>Math</Filter>
    </ClCompile>
    <ClCompile Include="Math\Point.cpp">
      <Filter>Math</Filter>
    </ClCompile>
    <ClCompile Include="Math\Quaternion.cpp">
      <Filter>Math</Filter>
    </ClCompile>
    <ClCompile Include="Math\Rectangle.cpp">
      <Filter>Math</Filter>
    </ClCompile>
    <ClCompile Include="Math\Vector2.cpp">
      <Filter>Math</Filter>
    </ClCompile>
    <ClCompile Include="Math\Vector3.cpp">
      <Filter>Math</Filter>
    </ClCompile>
    <ClCompile Include="Math\Vector4.cpp">
      <Filter>Math</Filter>
    </ClCompile>
    <ClCompile Include="Logging\Warning.cpp">
      <Filter>Logging</Filter>
    </ClCompile>
    <ClCompile Include="Graphics\VertexBuffer.cpp">
      <Filter>Graphics</Filter>
    </ClCompile>
    <ClCompile Include="Graphics\Texture2D.cpp">
      <Filter>Graphics</Filter>
    </ClCompile>
    <ClCompile Include="Graphics\SpriteBatch.cpp">
      <Filter>Graphics</Filter>
    </ClCompile>
    <ClCompile Include="Graphics\ShaderPipeline.cpp">
      <Filter>Graphics</Filter>
    </ClCompile>
    <ClCompile Include="Graphics\SamplerState.cpp">
      <Filter>Graphics</Filter>
    </ClCompile>
    <ClCompile Include="Graphics\RasterizerState.cpp">
      <Filter>Graphics</Filter>
    </ClCompile>
    <ClCompile Include="Graphics\ModelMeshPart.cpp">
      <Filter>Graphics</Filter>
    </ClCompile>
    <ClCompile Include="Graphics\ModelMesh.cpp">
      <Filter>Graphics</Filter>
    </ClCompile>
    <ClCompile Include="Graphics\Model3D.cpp">
      <Filter>Graphics</Filter>
    </ClCompile>
    <ClCompile Include="Graphics\IShader.cpp">
      <Filter>Graphics</Filter>
    </ClCompile>
    <ClCompile Include="Graphics\IVertexShader.cpp">
      <Filter>Graphics</Filter>
    </ClCompile>
    <ClCompile Include="Graphics\IPixelShader.cpp">
      <Filter>Graphics</Filter>
    </ClCompile>
    <ClCompile Include="Graphics\IHullShader.cpp">
      <Filter>Graphics</Filter>
    </ClCompile>
    <ClCompile Include="Graphics\IDomainShader.cpp">
      <Filter>Graphics</Filter>
    </ClCompile>
    <ClCompile Include="Graphics\IGeometryShader.cpp">
      <Filter>Graphics</Filter>
    </ClCompile>
    <ClCompile Include="Graphics\Shaders\SpriteShader.cpp">
      <Filter>Graphics\Shaders</Filter>
    </ClCompile>
    <ClCompile Include="Algorithms\LevenshteinDistance.cpp">
      <Filter>Algorithms</Filter>
    </ClCompile>
    <ClCompile Include="Math\Math.cpp">
      <Filter>Math</Filter>
    </ClCompile>
    <ClCompile Include="Graphics\Shaders\BasicTextured_NBT.cpp">
      <Filter>Graphics\Shaders</Filter>
    </ClCompile>
    <ClCompile Include="Graphics\Shaders\Blank_NoMatrix.cpp">
      <Filter>Graphics\Shaders</Filter>
    </ClCompile>
    <ClCompile Include="Graphics\Shaders\BlankShader.cpp">
      <Filter>Graphics\Shaders</Filter>
    </ClCompile>
    <ClCompile Include="Graphics\IndexBuffer.cpp">
      <Filter>Graphics</Filter>
    </ClCompile>
    <ClCompile Include="Input\Mouse.cpp">
      <Filter>Input</Filter>
    </ClCompile>
    <ClCompile Include="Input\Keyboard.cpp">
      <Filter>Input</Filter>
    </ClCompile>
    <ClCompile Include="Objects\Camera.cpp">
      <Filter>Objects</Filter>
    </ClCompile>
    <ClCompile Include="Logging\Error.cpp">
      <Filter>Logging</Filter>
    </ClCompile>
    <ClCompile Include="Logging\Exception.cpp">
      <Filter>Logging</Filter>
    </ClCompile>
    <ClCompile Include="Reflection\FieldRepresentation.cpp">
      <Filter>Reflection</Filter>
    </ClCompile>
    <ClCompile Include="Graphics\RenderTarget.cpp">
      <Filter>Graphics</Filter>
    </ClCompile>
    <ClCompile Include="Graphics\BlendState.cpp">
      <Filter>Graphics</Filter>
    </ClCompile>
    <ClCompile Include="Graphics\DepthStencilBuffer.cpp">
      <Filter>Graphics</Filter>
    </ClCompile>
    <ClCompile Include="Graphics\DepthStencilState.cpp">
      <Filter>Graphics</Filter>
    </ClCompile>
    <ClCompile Include="Reflection\ReflectedFunction.cpp">
      <Filter>Reflection</Filter>
    </ClCompile>
  </ItemGroup>
</Project>