<?xml version="1.0" encoding="utf-8"?>
<Project ToolsVersion="4.0" xmlns="http://schemas.microsoft.com/developer/msbuild/2003">
  <ItemGroup>
    <Filter Include="Resource Files">
      <UniqueIdentifier>{67DA6AB6-F800-4c08-8B7A-83BB121AAD01}</UniqueIdentifier>
      <Extensions>rc;ico;cur;bmp;dlg;rc2;rct;bin;rgs;gif;jpg;jpeg;jpe;resx;tiff;tif;png;wav;mfcribbon-ms</Extensions>
    </Filter>
    <Filter Include="Graphics">
      <UniqueIdentifier>{4fcb0b5b-3d67-467b-9516-eaa64449f822}</UniqueIdentifier>
    </Filter>
  </ItemGroup>
  <ItemGroup>
    <None Include="packages.config" />
  </ItemGroup>
  <ItemGroup>
    <ClInclude Include="Window.hpp" />
    <ClInclude Include="Viewport.hpp" />
    <ClInclude Include="Libs.hpp" />
    <ClInclude Include="IUpdateable.hpp" />
    <ClInclude Include="IObject.hpp" />
    <ClInclude Include="IInitializable.hpp" />
    <ClInclude Include="GraphicsDevice.hpp" />
    <ClInclude Include="IDrawable.hpp" />
    <ClInclude Include="GameWindow.hpp" />
    <ClInclude Include="Game.hpp" />
    <ClInclude Include="Color.hpp" />
    <ClInclude Include="Reflection\UUID.hpp" />
    <ClInclude Include="Reflection\Reflection.hpp" />
    <ClInclude Include="Reflection\ReflectedObject.hpp" />
    <ClInclude Include="Reflection\ReflectedField.hpp" />
    <ClInclude Include="Reflection\FieldRepresentation.hpp" />
    <ClInclude Include="Objects\Camera.hpp" />
    <ClInclude Include="Math\Math.hpp" />
    <ClInclude Include="Math\Matrix.hpp" />
    <ClInclude Include="Math\Point.hpp" />
    <ClInclude Include="Math\Quaternion.hpp" />
    <ClInclude Include="Math\Rectangle.hpp" />
    <ClInclude Include="Math\Vector2.hpp" />
    <ClInclude Include="Math\Vector3.hpp" />
    <ClInclude Include="Math\Vector4.hpp" />
    <ClInclude Include="Logging\Error.hpp" />
    <ClInclude Include="Logging\Exception.hpp" />
    <ClInclude Include="Logging\ResourceLoadingError.hpp" />
    <ClInclude Include="Logging\Warning.hpp" />
    <ClInclude Include="Input\Keyboard.hpp" />
    <ClInclude Include="Input\Mouse.hpp" />
    <ClInclude Include="Algorithms\LevenshteinDistance.hpp" />
    <ClInclude Include="Graphics\VertexTopology.hpp" />
    <ClInclude Include="Graphics\VertexDeclarations.hpp" />
    <ClInclude Include="Graphics\VertexBuffer.hpp" />
    <ClInclude Include="Graphics\Texture2D.hpp" />
    <ClInclude Include="Graphics\SpriteBatch.hpp" />
    <ClInclude Include="Graphics\ShaderPipeline.hpp" />
    <ClInclude Include="Graphics\ShaderFeatureLevel.hpp" />
    <ClInclude Include="Graphics\SamplerState.hpp" />
    <ClInclude Include="Graphics\RasterizerState.hpp" />
    <ClInclude Include="Graphics\ModelMeshPart.hpp" />
    <ClInclude Include="Graphics\ModelMesh.hpp" />
    <ClInclude Include="Graphics\Model3D.hpp" />
    <ClInclude Include="Graphics\DepthStencilState.hpp" />
    <ClInclude Include="Graphics\IndexBuffer.hpp" />
    <ClInclude Include="Graphics\IVertexShader.hpp" />
    <ClInclude Include="Graphics\IShader.hpp" />
    <ClInclude Include="Graphics\IPixelShader.hpp" />
    <ClInclude Include="Graphics\ShaderCompilationError.hpp" />
    <ClInclude Include="Graphics\IHullShader.hpp" />
    <ClInclude Include="Graphics\IDomainShader.hpp" />
    <ClInclude Include="Graphics\IGeometryShader.hpp" />
    <ClInclude Include="Graphics\Shaders\BasicTextured_NBT.hpp" />
    <ClInclude Include="Graphics\Shaders\Blank_NoMatrix.hpp" />
    <ClInclude Include="Graphics\Shaders\BlankShader.hpp" />
    <ClInclude Include="Graphics\Shaders\SpriteShader.hpp" />
  </ItemGroup>
  <ItemGroup>
    <ClCompile Include="Window.cpp" />
    <ClCompile Include="IObject.cpp" />
    <ClCompile Include="GraphicsDevice.cpp" />
    <ClCompile Include="GameWindow.cpp" />
    <ClCompile Include="Game.cpp" />
    <ClCompile Include="Color.cpp" />
    <ClCompile Include="Reflection\ReflectedObject.cpp" />
    <ClCompile Include="Reflection\FieldRepresentation.cpp" />
    <ClCompile Include="Objects\Camera.cpp" />
    <ClCompile Include="Math\Math.cpp" />
    <ClCompile Include="Math\Matrix.cpp" />
    <ClCompile Include="Math\Point.cpp" />
    <ClCompile Include="Math\Quaternion.cpp" />
    <ClCompile Include="Math\Rectangle.cpp" />
    <ClCompile Include="Math\Vector2.cpp" />
    <ClCompile Include="Math\Vector3.cpp" />
    <ClCompile Include="Math\Vector4.cpp" />
    <ClCompile Include="Logging\Error.cpp" />
    <ClCompile Include="Logging\Exception.cpp" />
    <ClCompile Include="Logging\Warning.cpp" />
    <ClCompile Include="Input\Keyboard.cpp" />
    <ClCompile Include="Input\Mouse.cpp" />
    <ClCompile Include="Algorithms\LevenshteinDistance.cpp" />
    <ClCompile Include="Graphics\VertexBuffer.cpp" />
    <ClCompile Include="Graphics\Texture2D.cpp" />
    <ClCompile Include="Graphics\SpriteBatch.cpp" />
    <ClCompile Include="Graphics\ShaderPipeline.cpp" />
    <ClCompile Include="Graphics\SamplerState.cpp" />
    <ClCompile Include="Graphics\RasterizerState.cpp" />
    <ClCompile Include="Graphics\ModelMeshPart.cpp" />
    <ClCompile Include="Graphics\ModelMesh.cpp" />
    <ClCompile Include="Graphics\Model3D.cpp" />
    <ClCompile Include="Graphics\IndexBuffer.cpp" />
    <ClCompile Include="Graphics\IShader.cpp" />
    <ClCompile Include="Graphics\IVertexShader.cpp" />
    <ClCompile Include="Graphics\IPixelShader.cpp" />
    <ClCompile Include="Graphics\IHullShader.cpp" />
    <ClCompile Include="Graphics\IDomainShader.cpp" />
    <ClCompile Include="Graphics\IGeometryShader.cpp" />
    <ClCompile Include="Graphics\Shaders\BasicTextured_NBT.cpp" />
    <ClCompile Include="Graphics\Shaders\Blank_NoMatrix.cpp" />
    <ClCompile Include="Graphics\Shaders\BlankShader.cpp" />
    <ClCompile Include="Graphics\Shaders\SpriteShader.cpp" />
  </ItemGroup>
</Project>